
Microsoft Visual Studio Solution File, Format Version 12.00
# Visual Studio Version 17
VisualStudioVersion = 17.7.34202.233
MinimumVisualStudioVersion = 10.0.40219.1
Project("{FAE04EC0-301F-11D3-BF4B-00C04F79EFBC}") = "Matrix efekti", "Matrix efekti\Matrix efekti.csproj", "{D3A154A5-82AC-41B8-BB6C-CE0EAD6A8AB3}"
EndProject
Global
	GlobalSection(SolutionConfigurationPlatforms) = preSolution
		Debug|Any CPU = Debug|Any CPU
		Release|Any CPU = Release|Any CPU
	EndGlobalSection
	GlobalSection(ProjectConfigurationPlatforms) = postSolution
		{D3A154A5-82AC-41B8-BB6C-CE0EAD6A8AB3}.Debug|Any CPU.ActiveCfg = Debug|Any CPU
		{D3A154A5-82AC-41B8-BB6C-CE0EAD6A8AB3}.Debug|Any CPU.Build.0 = Debug|Any CPU
		{D3A154A5-82AC-41B8-BB6C-CE0EAD6A8AB3}.Release|Any CPU.ActiveCfg = Release|Any CPU
		{D3A154A5-82AC-41B8-BB6C-CE0EAD6A8AB3}.Release|Any CPU.Build.0 = Release|Any CPU
	EndGlobalSection
	GlobalSection(SolutionProperties) = preSolution
		HideSolutionNode = FALSE
	EndGlobalSection
	GlobalSection(ExtensibilityGlobals) = postSolution
		SolutionGuid = {43D2C9A1-D571-45A6-97D6-7476623D549E}
	EndGlobalSection
EndGlobal
